// !$*UTF8*$!
{
	archiveVersion = 1;
	classes = {
	};
	objectVersion = 56;
	objects = {

/* Begin PBXBuildFile section */
		B56F01EB2C01CCC700156CBC /* AppDelegate.swift in Sources */ = {isa = PBXBuildFile; fileRef = B56F01EA2C01CCC700156CBC /* AppDelegate.swift */; };
		B56F01ED2C01CCC700156CBC /* art.scnassets in Resources */ = {isa = PBXBuildFile; fileRef = B56F01EC2C01CCC700156CBC /* art.scnassets */; };
		B56F01EF2C01CCC700156CBC /* ViewController.swift in Sources */ = {isa = PBXBuildFile; fileRef = B56F01EE2C01CCC700156CBC /* ViewController.swift */; };
		B56F01F42C01CCC900156CBC /* Assets.xcassets in Resources */ = {isa = PBXBuildFile; fileRef = B56F01F32C01CCC900156CBC /* Assets.xcassets */; };
		B56F01F72C01CCC900156CBC /* LaunchScreen.storyboard in Resources */ = {isa = PBXBuildFile; fileRef = B56F01F52C01CCC900156CBC /* LaunchScreen.storyboard */; };
		B56F01FE2C01CD1300156CBC /* SpeechRecognizer.swift in Sources */ = {isa = PBXBuildFile; fileRef = B56F01FD2C01CD1300156CBC /* SpeechRecognizer.swift */; };
		B56F02002C01CD2600156CBC /* ARSession.swift in Sources */ = {isa = PBXBuildFile; fileRef = B56F01FF2C01CD2600156CBC /* ARSession.swift */; };
		B56F02022C01EA3700156CBC /* CustomButton.swift in Sources */ = {isa = PBXBuildFile; fileRef = B56F02012C01EA3700156CBC /* CustomButton.swift */; };
		B56F02042C01F2CD00156CBC /* IntroViewController.swift in Sources */ = {isa = PBXBuildFile; fileRef = B56F02032C01F2CD00156CBC /* IntroViewController.swift */; };
		B56F02062C0216BA00156CBC /* WinViewController.swift in Sources */ = {isa = PBXBuildFile; fileRef = B56F02052C0216BA00156CBC /* WinViewController.swift */; };
		B56F02082C02196500156CBC /* Main.storyboard in Resources */ = {isa = PBXBuildFile; fileRef = B56F02072C02196500156CBC /* Main.storyboard */; };
/* End PBXBuildFile section */

/* Begin PBXFileReference section */
		B56F01E72C01CCC700156CBC /* CaptionMe2.app */ = {isa = PBXFileReference; explicitFileType = wrapper.application; includeInIndex = 0; path = CaptionMe2.app; sourceTree = BUILT_PRODUCTS_DIR; };
		B56F01EA2C01CCC700156CBC /* AppDelegate.swift */ = {isa = PBXFileReference; lastKnownFileType = sourcecode.swift; path = AppDelegate.swift; sourceTree = "<group>"; };
		B56F01EC2C01CCC700156CBC /* art.scnassets */ = {isa = PBXFileReference; lastKnownFileType = wrapper.scnassets; path = art.scnassets; sourceTree = "<group>"; };
		B56F01EE2C01CCC700156CBC /* ViewController.swift */ = {isa = PBXFileReference; lastKnownFileType = sourcecode.swift; path = ViewController.swift; sourceTree = "<group>"; };
		B56F01F32C01CCC900156CBC /* Assets.xcassets */ = {isa = PBXFileReference; lastKnownFileType = folder.assetcatalog; path = Assets.xcassets; sourceTree = "<group>"; };
		B56F01F62C01CCC900156CBC /* Base */ = {isa = PBXFileReference; lastKnownFileType = file.storyboard; name = Base; path = Base.lproj/LaunchScreen.storyboard; sourceTree = "<group>"; };
		B56F01FD2C01CD1300156CBC /* SpeechRecognizer.swift */ = {isa = PBXFileReference; fileEncoding = 4; lastKnownFileType = sourcecode.swift; path = SpeechRecognizer.swift; sourceTree = "<group>"; };
		B56F01FF2C01CD2600156CBC /* ARSession.swift */ = {isa = PBXFileReference; fileEncoding = 4; lastKnownFileType = sourcecode.swift; path = ARSession.swift; sourceTree = "<group>"; };
		B56F02012C01EA3700156CBC /* CustomButton.swift */ = {isa = PBXFileReference; lastKnownFileType = sourcecode.swift; path = CustomButton.swift; sourceTree = "<group>"; };
		B56F02032C01F2CD00156CBC /* IntroViewController.swift */ = {isa = PBXFileReference; lastKnownFileType = sourcecode.swift; path = IntroViewController.swift; sourceTree = "<group>"; };
		B56F02052C0216BA00156CBC /* WinViewController.swift */ = {isa = PBXFileReference; lastKnownFileType = sourcecode.swift; path = WinViewController.swift; sourceTree = "<group>"; };
		B56F02072C02196500156CBC /* Main.storyboard */ = {isa = PBXFileReference; fileEncoding = 4; lastKnownFileType = file.storyboard; path = Main.storyboard; sourceTree = "<group>"; };
/* End PBXFileReference section */

/* Begin PBXFrameworksBuildPhase section */
		B56F01E42C01CCC700156CBC /* Frameworks */ = {
			isa = PBXFrameworksBuildPhase;
			buildActionMask = 2147483647;
			files = (
			);
			runOnlyForDeploymentPostprocessing = 0;
		};
/* End PBXFrameworksBuildPhase section */

/* Begin PBXGroup section */
		B56F01DE2C01CCC700156CBC = {
			isa = PBXGroup;
			children = (
				B56F01E92C01CCC700156CBC /* CaptionMe2 */,
				B56F01E82C01CCC700156CBC /* Products */,
			);
			sourceTree = "<group>";
		};
		B56F01E82C01CCC700156CBC /* Products */ = {
			isa = PBXGroup;
			children = (
				B56F01E72C01CCC700156CBC /* CaptionMe2.app */,
			);
			name = Products;
			sourceTree = "<group>";
		};
		B56F01E92C01CCC700156CBC /* CaptionMe2 */ = {
			isa = PBXGroup;
			children = (
				B56F02052C0216BA00156CBC /* WinViewController.swift */,
				B56F01EA2C01CCC700156CBC /* AppDelegate.swift */,
				B56F01EC2C01CCC700156CBC /* art.scnassets */,
				B56F01EE2C01CCC700156CBC /* ViewController.swift */,
				B56F02032C01F2CD00156CBC /* IntroViewController.swift */,
				B56F02012C01EA3700156CBC /* CustomButton.swift */,
				B56F02072C02196500156CBC /* Main.storyboard */,
				B56F01F32C01CCC900156CBC /* Assets.xcassets */,
				B56F01F52C01CCC900156CBC /* LaunchScreen.storyboard */,
				B56F01FD2C01CD1300156CBC /* SpeechRecognizer.swift */,
				B56F01FF2C01CD2600156CBC /* ARSession.swift */,
			);
			path = CaptionMe2;
			sourceTree = "<group>";
		};
/* End PBXGroup section */

/* Begin PBXNativeTarget section */
		B56F01E62C01CCC700156CBC /* CaptionMe2 */ = {
			isa = PBXNativeTarget;
			buildConfigurationList = B56F01FA2C01CCC900156CBC /* Build configuration list for PBXNativeTarget "CaptionMe2" */;
			buildPhases = (
				B56F01E32C01CCC700156CBC /* Sources */,
				B56F01E42C01CCC700156CBC /* Frameworks */,
				B56F01E52C01CCC700156CBC /* Resources */,
			);
			buildRules = (
			);
			dependencies = (
			);
			name = CaptionMe2;
			productName = CaptionMe2;
			productReference = B56F01E72C01CCC700156CBC /* CaptionMe2.app */;
			productType = "com.apple.product-type.application";
		};
/* End PBXNativeTarget section */

/* Begin PBXProject section */
		B56F01DF2C01CCC700156CBC /* Project object */ = {
			isa = PBXProject;
			attributes = {
				BuildIndependentTargetsInParallel = 1;
				LastSwiftUpdateCheck = 1520;
				LastUpgradeCheck = 1520;
				TargetAttributes = {
					B56F01E62C01CCC700156CBC = {
						CreatedOnToolsVersion = 15.2;
					};
				};
			};
			buildConfigurationList = B56F01E22C01CCC700156CBC /* Build configuration list for PBXProject "CaptionMe2" */;
			compatibilityVersion = "Xcode 14.0";
			developmentRegion = en;
			hasScannedForEncodings = 0;
			knownRegions = (
				en,
				Base,
			);
			mainGroup = B56F01DE2C01CCC700156CBC;
			productRefGroup = B56F01E82C01CCC700156CBC /* Products */;
			projectDirPath = "";
			projectRoot = "";
			targets = (
				B56F01E62C01CCC700156CBC /* CaptionMe2 */,
			);
		};
/* End PBXProject section */

/* Begin PBXResourcesBuildPhase section */
		B56F01E52C01CCC700156CBC /* Resources */ = {
			isa = PBXResourcesBuildPhase;
			buildActionMask = 2147483647;
			files = (
				B56F01ED2C01CCC700156CBC /* art.scnassets in Resources */,
				B56F01F72C01CCC900156CBC /* LaunchScreen.storyboard in Resources */,
				B56F01F42C01CCC900156CBC /* Assets.xcassets in Resources */,
				B56F02082C02196500156CBC /* Main.storyboard in Resources */,
			);
			runOnlyForDeploymentPostprocessing = 0;
		};
/* End PBXResourcesBuildPhase section */

/* Begin PBXSourcesBuildPhase section */
		B56F01E32C01CCC700156CBC /* Sources */ = {
			isa = PBXSourcesBuildPhase;
			buildActionMask = 2147483647;
			files = (
				B56F01EF2C01CCC700156CBC /* ViewController.swift in Sources */,
				B56F02002C01CD2600156CBC /* ARSession.swift in Sources */,
				B56F01EB2C01CCC700156CBC /* AppDelegate.swift in Sources */,
				B56F02042C01F2CD00156CBC /* IntroViewController.swift in Sources */,
				B56F02062C0216BA00156CBC /* WinViewController.swift in Sources */,
				B56F01FE2C01CD1300156CBC /* SpeechRecognizer.swift in Sources */,
				B56F02022C01EA3700156CBC /* CustomButton.swift in Sources */,
			);
			runOnlyForDeploymentPostprocessing = 0;
		};
/* End PBXSourcesBuildPhase section */

/* Begin PBXVariantGroup section */
		B56F01F52C01CCC900156CBC /* LaunchScreen.storyboard */ = {
			isa = PBXVariantGroup;
			children = (
				B56F01F62C01CCC900156CBC /* Base */,
			);
			name = LaunchScreen.storyboard;
			sourceTree = "<group>";
		};
/* End PBXVariantGroup section */

/* Begin XCBuildConfiguration section */
		B56F01F82C01CCC900156CBC /* Debug */ = {
			isa = XCBuildConfiguration;
			buildSettings = {
				ALWAYS_SEARCH_USER_PATHS = NO;
				ASSETCATALOG_COMPILER_GENERATE_SWIFT_ASSET_SYMBOL_EXTENSIONS = YES;
				CLANG_ANALYZER_NONNULL = YES;
				CLANG_ANALYZER_NUMBER_OBJECT_CONVERSION = YES_AGGRESSIVE;
				CLANG_CXX_LANGUAGE_STANDARD = "gnu++20";
				CLANG_ENABLE_MODULES = YES;
				CLANG_ENABLE_OBJC_ARC = YES;
				CLANG_ENABLE_OBJC_WEAK = YES;
				CLANG_WARN_BLOCK_CAPTURE_AUTORELEASING = YES;
				CLANG_WARN_BOOL_CONVERSION = YES;
				CLANG_WARN_COMMA = YES;
				CLANG_WARN_CONSTANT_CONVERSION = YES;
				CLANG_WARN_DEPRECATED_OBJC_IMPLEMENTATIONS = YES;
				CLANG_WARN_DIRECT_OBJC_ISA_USAGE = YES_ERROR;
				CLANG_WARN_DOCUMENTATION_COMMENTS = YES;
				CLANG_WARN_EMPTY_BODY = YES;
				CLANG_WARN_ENUM_CONVERSION = YES;
				CLANG_WARN_INFINITE_RECURSION = YES;
				CLANG_WARN_INT_CONVERSION = YES;
				CLANG_WARN_NON_LITERAL_NULL_CONVERSION = YES;
				CLANG_WARN_OBJC_IMPLICIT_RETAIN_SELF = YES;
				CLANG_WARN_OBJC_LITERAL_CONVERSION = YES;
				CLANG_WARN_OBJC_ROOT_CLASS = YES_ERROR;
				CLANG_WARN_QUOTED_INCLUDE_IN_FRAMEWORK_HEADER = YES;
				CLANG_WARN_RANGE_LOOP_ANALYSIS = YES;
				CLANG_WARN_STRICT_PROTOTYPES = YES;
				CLANG_WARN_SUSPICIOUS_MOVE = YES;
				CLANG_WARN_UNGUARDED_AVAILABILITY = YES_AGGRESSIVE;
				CLANG_WARN_UNREACHABLE_CODE = YES;
				CLANG_WARN__DUPLICATE_METHOD_MATCH = YES;
				COPY_PHASE_STRIP = NO;
				DEBUG_INFORMATION_FORMAT = dwarf;
				ENABLE_STRICT_OBJC_MSGSEND = YES;
				ENABLE_TESTABILITY = YES;
				ENABLE_USER_SCRIPT_SANDBOXING = YES;
				GCC_C_LANGUAGE_STANDARD = gnu17;
				GCC_DYNAMIC_NO_PIC = NO;
				GCC_NO_COMMON_BLOCKS = YES;
				GCC_OPTIMIZATION_LEVEL = 0;
				GCC_PREPROCESSOR_DEFINITIONS = (
					"DEBUG=1",
					"$(inherited)",
				);
				GCC_WARN_64_TO_32_BIT_CONVERSION = YES;
				GCC_WARN_ABOUT_RETURN_TYPE = YES_ERROR;
				GCC_WARN_UNDECLARED_SELECTOR = YES;
				GCC_WARN_UNINITIALIZED_AUTOS = YES_AGGRESSIVE;
				GCC_WARN_UNUSED_FUNCTION = YES;
				GCC_WARN_UNUSED_VARIABLE = YES;
				IPHONEOS_DEPLOYMENT_TARGET = 17.2;
				LOCALIZATION_PREFERS_STRING_CATALOGS = YES;
				MTL_ENABLE_DEBUG_INFO = INCLUDE_SOURCE;
				MTL_FAST_MATH = YES;
				ONLY_ACTIVE_ARCH = YES;
				SDKROOT = iphoneos;
				SWIFT_ACTIVE_COMPILATION_CONDITIONS = "DEBUG $(inherited)";
				SWIFT_OPTIMIZATION_LEVEL = "-Onone";
			};
			name = Debug;
		};
		B56F01F92C01CCC900156CBC /* Release */ = {
			isa = XCBuildConfiguration;
			buildSettings = {
				ALWAYS_SEARCH_USER_PATHS = NO;
				ASSETCATALOG_COMPILER_GENERATE_SWIFT_ASSET_SYMBOL_EXTENSIONS = YES;
				CLANG_ANALYZER_NONNULL = YES;
				CLANG_ANALYZER_NUMBER_OBJECT_CONVERSION = YES_AGGRESSIVE;
				CLANG_CXX_LANGUAGE_STANDARD = "gnu++20";
				CLANG_ENABLE_MODULES = YES;
				CLANG_ENABLE_OBJC_ARC = YES;
				CLANG_ENABLE_OBJC_WEAK = YES;
				CLANG_WARN_BLOCK_CAPTURE_AUTORELEASING = YES;
				CLANG_WARN_BOOL_CONVERSION = YES;
				CLANG_WARN_COMMA = YES;
				CLANG_WARN_CONSTANT_CONVERSION = YES;
				CLANG_WARN_DEPRECATED_OBJC_IMPLEMENTATIONS = YES;
				CLANG_WARN_DIRECT_OBJC_ISA_USAGE = YES_ERROR;
				CLANG_WARN_DOCUMENTATION_COMMENTS = YES;
				CLANG_WARN_EMPTY_BODY = YES;
				CLANG_WARN_ENUM_CONVERSION = YES;
				CLANG_WARN_INFINITE_RECURSION = YES;
				CLANG_WARN_INT_CONVERSION = YES;
				CLANG_WARN_NON_LITERAL_NULL_CONVERSION = YES;
				CLANG_WARN_OBJC_IMPLICIT_RETAIN_SELF = YES;
				CLANG_WARN_OBJC_LITERAL_CONVERSION = YES;
				CLANG_WARN_OBJC_ROOT_CLASS = YES_ERROR;
				CLANG_WARN_QUOTED_INCLUDE_IN_FRAMEWORK_HEADER = YES;
				CLANG_WARN_RANGE_LOOP_ANALYSIS = YES;
				CLANG_WARN_STRICT_PROTOTYPES = YES;
				CLANG_WARN_SUSPICIOUS_MOVE = YES;
				CLANG_WARN_UNGUARDED_AVAILABILITY = YES_AGGRESSIVE;
				CLANG_WARN_UNREACHABLE_CODE = YES;
				CLANG_WARN__DUPLICATE_METHOD_MATCH = YES;
				COPY_PHASE_STRIP = NO;
				DEBUG_INFORMATION_FORMAT = "dwarf-with-dsym";
				ENABLE_NS_ASSERTIONS = NO;
				ENABLE_STRICT_OBJC_MSGSEND = YES;
				ENABLE_USER_SCRIPT_SANDBOXING = YES;
				GCC_C_LANGUAGE_STANDARD = gnu17;
				GCC_NO_COMMON_BLOCKS = YES;
				GCC_WARN_64_TO_32_BIT_CONVERSION = YES;
				GCC_WARN_ABOUT_RETURN_TYPE = YES_ERROR;
				GCC_WARN_UNDECLARED_SELECTOR = YES;
				GCC_WARN_UNINITIALIZED_AUTOS = YES_AGGRESSIVE;
				GCC_WARN_UNUSED_FUNCTION = YES;
				GCC_WARN_UNUSED_VARIABLE = YES;
				IPHONEOS_DEPLOYMENT_TARGET = 17.2;
				LOCALIZATION_PREFERS_STRING_CATALOGS = YES;
				MTL_ENABLE_DEBUG_INFO = NO;
				MTL_FAST_MATH = YES;
				SDKROOT = iphoneos;
				SWIFT_COMPILATION_MODE = wholemodule;
				VALIDATE_PRODUCT = YES;
			};
			name = Release;
		};
		B56F01FB2C01CCC900156CBC /* Debug */ = {
			isa = XCBuildConfiguration;
			buildSettings = {
				ASSETCATALOG_COMPILER_APPICON_NAME = AppIcon;
				ASSETCATALOG_COMPILER_GLOBAL_ACCENT_COLOR_NAME = AccentColor;
				CODE_SIGN_STYLE = Automatic;
				CURRENT_PROJECT_VERSION = 1;
				DEVELOPMENT_TEAM = VNG2A57GP5;
				GENERATE_INFOPLIST_FILE = YES;
				INFOPLIST_KEY_NSCameraUsageDescription = "This app requires access to the camera to track your face and display AR content.";
				INFOPLIST_KEY_NSMicrophoneUsageDescription = "To record your answer";
				INFOPLIST_KEY_NSSpeechRecognitionUsageDescription = "To record your answer too";
				INFOPLIST_KEY_UIApplicationSupportsIndirectInputEvents = YES;
				INFOPLIST_KEY_UILaunchStoryboardName = LaunchScreen;
				INFOPLIST_KEY_UIMainStoryboardFile = Main;
				INFOPLIST_KEY_UIRequiredDeviceCapabilities = arkit;
				INFOPLIST_KEY_UIStatusBarHidden = YES;
				INFOPLIST_KEY_UISupportedInterfaceOrientations_iPad = "UIInterfaceOrientationPortrait UIInterfaceOrientationPortraitUpsideDown UIInterfaceOrientationLandscapeLeft UIInterfaceOrientationLandscapeRight";
				INFOPLIST_KEY_UISupportedInterfaceOrientations_iPhone = "UIInterfaceOrientationPortrait UIInterfaceOrientationLandscapeLeft UIInterfaceOrientationLandscapeRight";
				IPHONEOS_DEPLOYMENT_TARGET = 17.1;
				LD_RUNPATH_SEARCH_PATHS = (
					"$(inherited)",
					"@executable_path/Frameworks",
				);
				MARKETING_VERSION = 1.0;
				PRODUCT_BUNDLE_IDENTIFIER = "com.example.apple-samplecode.CaptionMe2";
				PRODUCT_NAME = "$(TARGET_NAME)";
				SWIFT_EMIT_LOC_STRINGS = YES;
				SWIFT_VERSION = 5.0;
				TARGETED_DEVICE_FAMILY = "1,2";
			};
			name = Debug;
		};
		B56F01FC2C01CCC900156CBC /* Release */ = {
			isa = XCBuildConfiguration;
			buildSettings = {
				ASSETCATALOG_COMPILER_APPICON_NAME = AppIcon;
				ASSETCATALOG_COMPILER_GLOBAL_ACCENT_COLOR_NAME = AccentColor;
				CODE_SIGN_STYLE = Automatic;
				CURRENT_PROJECT_VERSION = 1;
				DEVELOPMENT_TEAM = VNG2A57GP5;
				GENERATE_INFOPLIST_FILE = YES;
				INFOPLIST_KEY_NSCameraUsageDescription = "This app requires access to the camera to track your face and display AR content.";
				INFOPLIST_KEY_NSMicrophoneUsageDescription = "To record your answer";
				INFOPLIST_KEY_NSSpeechRecognitionUsageDescription = "To record your answer too";
				INFOPLIST_KEY_UIApplicationSupportsIndirectInputEvents = YES;
				INFOPLIST_KEY_UILaunchStoryboardName = LaunchScreen;
				INFOPLIST_KEY_UIMainStoryboardFile = Main;
				INFOPLIST_KEY_UIRequiredDeviceCapabilities = arkit;
				INFOPLIST_KEY_UIStatusBarHidden = YES;
				INFOPLIST_KEY_UISupportedInterfaceOrientations_iPad = "UIInterfaceOrientationPortrait UIInterfaceOrientationPortraitUpsideDown UIInterfaceOrientationLandscapeLeft UIInterfaceOrientationLandscapeRight";
				INFOPLIST_KEY_UISupportedInterfaceOrientations_iPhone = "UIInterfaceOrientationPortrait UIInterfaceOrientationLandscapeLeft UIInterfaceOrientationLandscapeRight";
				IPHONEOS_DEPLOYMENT_TARGET = 17.1;
				LD_RUNPATH_SEARCH_PATHS = (
					"$(inherited)",
					"@executable_path/Frameworks",
				);
				MARKETING_VERSION = 1.0;
				PRODUCT_BUNDLE_IDENTIFIER = "com.example.apple-samplecode.CaptionMe2";
				PRODUCT_NAME = "$(TARGET_NAME)";
				SWIFT_EMIT_LOC_STRINGS = YES;
				SWIFT_VERSION = 5.0;
				TARGETED_DEVICE_FAMILY = "1,2";
			};
			name = Release;
		};
/* End XCBuildConfiguration section */

/* Begin XCConfigurationList section */
		B56F01E22C01CCC700156CBC /* Build configuration list for PBXProject "CaptionMe2" */ = {
			isa = XCConfigurationList;
			buildConfigurations = (
				B56F01F82C01CCC900156CBC /* Debug */,
				B56F01F92C01CCC900156CBC /* Release */,
			);
			defaultConfigurationIsVisible = 0;
			defaultConfigurationName = Release;
		};
		B56F01FA2C01CCC900156CBC /* Build configuration list for PBXNativeTarget "CaptionMe2" */ = {
			isa = XCConfigurationList;
			buildConfigurations = (
				B56F01FB2C01CCC900156CBC /* Debug */,
				B56F01FC2C01CCC900156CBC /* Release */,
			);
			defaultConfigurationIsVisible = 0;
			defaultConfigurationName = Release;
		};
/* End XCConfigurationList section */
	};
	rootObject = B56F01DF2C01CCC700156CBC /* Project object */;
}
